
Microsoft Visual Studio Solution File, Format Version 12.00
# Visual Studio Version 17
VisualStudioVersion = 17.7.34302.85
MinimumVisualStudioVersion = 10.0.40219.1
Project("{FAE04EC0-301F-11D3-BF4B-00C04F79EFBC}") = "CompanyName.com", "CompanyName.com\CompanyName.com.csproj", "{79C8B81B-4D2A-4320-864F-088580DB573D}"
EndProject
Global
	GlobalSection(SolutionConfigurationPlatforms) = preSolution
		Debug|Any CPU = Debug|Any CPU
		Release|Any CPU = Release|Any CPU
	EndGlobalSection
	GlobalSection(ProjectConfigurationPlatforms) = postSolution
		{79C8B81B-4D2A-4320-864F-088580DB573D}.Debug|Any CPU.ActiveCfg = Debug|Any CPU
		{79C8B81B-4D2A-4320-864F-088580DB573D}.Debug|Any CPU.Build.0 = Debug|Any CPU
		{79C8B81B-4D2A-4320-864F-088580DB573D}.Release|Any CPU.ActiveCfg = Release|Any CPU
		{79C8B81B-4D2A-4320-864F-088580DB573D}.Release|Any CPU.Build.0 = Release|Any CPU
	EndGlobalSection
	GlobalSection(SolutionProperties) = preSolution
		HideSolutionNode = FALSE
	EndGlobalSection
	GlobalSection(ExtensibilityGlobals) = postSolution
		SolutionGuid = {8A828FB2-9E3F-4E23-A534-13F854FCADAE}
	EndGlobalSection
EndGlobal
